
Microsoft Visual Studio Solution File, Format Version 12.00
# Visual Studio Version 16
VisualStudioVersion = 16.0.31321.278
MinimumVisualStudioVersion = 10.0.40219.1
Project("{FAE04EC0-301F-11D3-BF4B-00C04F79EFBC}") = "Shop", "Shop.csproj", "{55B8FEE7-54E2-42BE-9A95-EB2EC4816FAF}"
EndProject
Project("{2150E333-8FDC-42A3-9474-1A3956D46DE8}") = "Solution Items", "Solution Items", "{80ACE5CD-AFD9-4F65-B937-461D673C383F}"
	ProjectSection(SolutionItems) = preProject
		Shop.sqlite = Shop.sqlite
	EndProjectSection
EndProject
Global
	GlobalSection(SolutionConfigurationPlatforms) = preSolution
		Debug|Any CPU = Debug|Any CPU
		Release|Any CPU = Release|Any CPU
	EndGlobalSection
	GlobalSection(ProjectConfigurationPlatforms) = postSolution
		{55B8FEE7-54E2-42BE-9A95-EB2EC4816FAF}.Debug|Any CPU.ActiveCfg = Debug|Any CPU
		{55B8FEE7-54E2-42BE-9A95-EB2EC4816FAF}.Debug|Any CPU.Build.0 = Debug|Any CPU
		{55B8FEE7-54E2-42BE-9A95-EB2EC4816FAF}.Release|Any CPU.ActiveCfg = Release|Any CPU
		{55B8FEE7-54E2-42BE-9A95-EB2EC4816FAF}.Release|Any CPU.Build.0 = Release|Any CPU
	EndGlobalSection
	GlobalSection(SolutionProperties) = preSolution
		HideSolutionNode = FALSE
	EndGlobalSection
	GlobalSection(ExtensibilityGlobals) = postSolution
		SolutionGuid = {6E86491F-068B-4F61-A01F-CA7ED49AF604}
	EndGlobalSection
EndGlobal
